
Microsoft Visual Studio Solution File, Format Version 12.00
# Visual Studio Version 17
VisualStudioVersion = 17.13.35828.75 d17.13
MinimumVisualStudioVersion = 10.0.40219.1
Project("{FAE04EC0-301F-11D3-BF4B-00C04F79EFBC}") = "RGBSzinek", "RGBSzinek.csproj", "{ED67D430-F873-4F73-83D5-96375BB40FC0}"
EndProject
Global
	GlobalSection(SolutionConfigurationPlatforms) = preSolution
		Debug|Any CPU = Debug|Any CPU
		Release|Any CPU = Release|Any CPU
	EndGlobalSection
	GlobalSection(ProjectConfigurationPlatforms) = postSolution
		{ED67D430-F873-4F73-83D5-96375BB40FC0}.Debug|Any CPU.ActiveCfg = Debug|Any CPU
		{ED67D430-F873-4F73-83D5-96375BB40FC0}.Debug|Any CPU.Build.0 = Debug|Any CPU
		{ED67D430-F873-4F73-83D5-96375BB40FC0}.Release|Any CPU.ActiveCfg = Release|Any CPU
		{ED67D430-F873-4F73-83D5-96375BB40FC0}.Release|Any CPU.Build.0 = Release|Any CPU
	EndGlobalSection
	GlobalSection(SolutionProperties) = preSolution
		HideSolutionNode = FALSE
	EndGlobalSection
	GlobalSection(ExtensibilityGlobals) = postSolution
		SolutionGuid = {E122A04E-B01F-4449-9833-C9A0E90F5FEA}
	EndGlobalSection
EndGlobal
